<?xml version="1.0" encoding="utf-8"?>
<Project ToolsVersion="4.0" xmlns="http://schemas.microsoft.com/developer/msbuild/2003">
  <ItemGroup>
    <Filter Include="Source Files">
      <UniqueIdentifier>{4FC737F1-C7A5-4376-A066-2A32D752A2FF}</UniqueIdentifier>
      <Extensions>cpp;c;cc;cxx;c++;cppm;ixx;def;odl;idl;hpj;bat;asm;asmx</Extensions>
    </Filter>
    <Filter Include="Header Files">
      <UniqueIdentifier>{93995380-89BD-4b04-88EB-625FBE52EBFB}</UniqueIdentifier>
      <Extensions>h;hh;hpp;hxx;h++;hm;inl;inc;ipp;xsd</Extensions>
    </Filter>
    <Filter Include="Resource Files">
      <UniqueIdentifier>{67DA6AB6-F800-4c08-8B7A-83BB121AAD01}</UniqueIdentifier>
      <Extensions>rc;ico;cur;bmp;dlg;rc2;rct;bin;rgs;gif;jpg;jpeg;jpe;resx;tiff;tif;png;wav;mfcribbon-ms</Extensions>
    </Filter>
  </ItemGroup>
  <ItemGroup>
    <ClCompile Include="AITest.cpp">
      <Filter>Source Files</Filter>
    </ClCompile>
    <ClCompile Include="AI\AIController.cpp">
      <Filter>Source Files</Filter>
    </ClCompile>
    <ClCompile Include="AI\BaseGoal.cpp">
      <Filter>Source Files</Filter>
    </ClCompile>
    <ClCompile Include="AI\BaseTask.cpp">
      <Filter>Source Files</Filter>
    </ClCompile>
    <ClCompile Include="AI\Blackboard.cpp">
      <Filter>Source Files</Filter>
    </ClCompile>
    <ClCompile Include="AI\Blackboards\BlackboardTemplate.cpp">
      <Filter>Source Files</Filter>
    </ClCompile>
    <ClCompile Include="AI\Tasks\TaskTemplate.cpp">
      <Filter>Source Files</Filter>
    </ClCompile>
    <ClCompile Include="AI\Tasks\TaskTemplate1.cpp">
      <Filter>Source Files</Filter>
    </ClCompile>
    <ClCompile Include="AI\Tasks\TaskTemplate2.cpp">
      <Filter>Source Files</Filter>
    </ClCompile>
    <ClCompile Include="AI\Tasks\TaskTemplate3.cpp">
      <Filter>Source Files</Filter>
    </ClCompile>
    <ClCompile Include="AI\Tasks\TaskTemplate4.cpp">
      <Filter>Source Files</Filter>
    </ClCompile>
  </ItemGroup>
  <ItemGroup>
    <ClInclude Include="AI\AIController.h">
      <Filter>Header Files</Filter>
    </ClInclude>
    <ClInclude Include="AI\BaseGoal.h">
      <Filter>Header Files</Filter>
    </ClInclude>
    <ClInclude Include="AI\BaseTask.h">
      <Filter>Header Files</Filter>
    </ClInclude>
    <ClInclude Include="AI\Blackboard.h">
      <Filter>Header Files</Filter>
    </ClInclude>
    <ClInclude Include="AI\Blackboards\BlackboardTemplate.h">
      <Filter>Header Files</Filter>
    </ClInclude>
    <ClInclude Include="AI\Tasks\TaskTemplate.h">
      <Filter>Header Files</Filter>
    </ClInclude>
    <ClInclude Include="AI\Tasks\TaskTemplate1.h">
      <Filter>Header Files</Filter>
    </ClInclude>
    <ClInclude Include="AI\Tasks\TaskTemplate2.h">
      <Filter>Header Files</Filter>
    </ClInclude>
    <ClInclude Include="AI\Tasks\TaskTemplate3.h">
      <Filter>Header Files</Filter>
    </ClInclude>
    <ClInclude Include="AI\Tasks\TaskTemplate4.h">
      <Filter>Header Files</Filter>
    </ClInclude>
  </ItemGroup>
</Project>